{
    "hash": "9a6931c8ffd35b7f88f1db657ef72dec",
    "packages": [
        {
            "package": "monolog/monolog",
            "version": "dev-master",
            "source-reference": "6c15897ac74bd53572328094eacf03fbb7b8bca7"
        },
        {
            "package": "symfony/class-loader",
            "version": "dev-master",
            "source-reference": "cd1550a4a6c0794b6b109af2db43fde6e18ee363"
        },
        {
            "package": "symfony/console",
            "version": "dev-master",
            "source-reference": "8e3c42aa976f18a9bfcb0694553e5f99def3309c"
        },
        {
            "package": "symfony/finder",
            "version": "dev-master",
            "source-reference": "713ba1dbd03b424afd1f944626dc0ce1b5b8c442"
        },
        {
            "package": "symfony/yaml",
            "version": "dev-master",
            "source-reference": "0647ee4ca69b60f9043256e89f8dbaa0cedd854c"
        }
    ],
    "aliases": [

    ]
}
