{
    "hash": "bb325847c51028efa0c07979f8d4bb2a",
    "packages": [
        {
            "package": "symfony\/finder",
            "version": "2.1.0-dev"
        },
        {
            "package": "monolog\/monolog",
            "version": "master-dev"
        },
        {
            "package": "symfony\/console",
            "version": "2.1.0-dev"
        },
        {
            "package": "symfony\/yaml",
            "version": "2.1.0-dev"
        },
        {
            "package": "phing",
            "version": "2.4.9"
        }
    ]
}